
Microsoft Visual Studio Solution File, Format Version 12.00
# Visual Studio 15
VisualStudioVersion = 15.0.28307.102
MinimumVisualStudioVersion = 10.0.40219.1
Project("{FAE04EC0-301F-11D3-BF4B-00C04F79EFBC}") = "exampleAPI", "exampleAPI\exampleAPI.csproj", "{ACA0E101-9BEA-40D7-A1C6-55E45F6D440D}"
EndProject
Global
	GlobalSection(SolutionConfigurationPlatforms) = preSolution
		Debug|Any CPU = Debug|Any CPU
		Release|Any CPU = Release|Any CPU
	EndGlobalSection
	GlobalSection(ProjectConfigurationPlatforms) = postSolution
		{ACA0E101-9BEA-40D7-A1C6-55E45F6D440D}.Debug|Any CPU.ActiveCfg = Debug|Any CPU
		{ACA0E101-9BEA-40D7-A1C6-55E45F6D440D}.Debug|Any CPU.Build.0 = Debug|Any CPU
		{ACA0E101-9BEA-40D7-A1C6-55E45F6D440D}.Release|Any CPU.ActiveCfg = Release|Any CPU
		{ACA0E101-9BEA-40D7-A1C6-55E45F6D440D}.Release|Any CPU.Build.0 = Release|Any CPU
	EndGlobalSection
	GlobalSection(SolutionProperties) = preSolution
		HideSolutionNode = FALSE
	EndGlobalSection
	GlobalSection(ExtensibilityGlobals) = postSolution
		SolutionGuid = {32E0ED88-2E94-49AF-A9FA-C72753E51D22}
	EndGlobalSection
EndGlobal
